{
  "name": "nested-life-projections-example",
  "version": "0.1.0",
  "lockfileVersion": 3,
  "requires": true,
  "packages": {
    "": {
      "name": "nested-life-projections-example",
      "version": "0.1.0",
      "dependencies": {
        "calculang": "github:calculang/calculang#all_cul"
      }
    },
    "node_modules/calculang": {
      "resolved": "git+ssh://git@github.com/calculang/calculang.git#db0582bbb8c869fc38b5a67be61317717e93baed",
      "license": "AGPL-3.0-only",
      "workspaces": [
        "packages/*"
      ]
    }
  }
}
